
Microsoft Visual Studio Solution File, Format Version 12.00
# Visual Studio 15
VisualStudioVersion = 15.0.27004.2002
MinimumVisualStudioVersion = 10.0.40219.1
Project("{FAE04EC0-301F-11D3-BF4B-00C04F79EFBC}") = "jagga", "jagga\jagga.csproj", "{3C8EB11C-AF34-4FC1-BC9C-2B0CFAD3AE49}"
EndProject
Global
	GlobalSection(SolutionConfigurationPlatforms) = preSolution
		Debug|ARM = Debug|ARM
		Debug|x64 = Debug|x64
		Debug|x86 = Debug|x86
		Release|ARM = Release|ARM
		Release|x64 = Release|x64
		Release|x86 = Release|x86
	EndGlobalSection
	GlobalSection(ProjectConfigurationPlatforms) = postSolution
		{3C8EB11C-AF34-4FC1-BC9C-2B0CFAD3AE49}.Debug|ARM.ActiveCfg = Debug|ARM
		{3C8EB11C-AF34-4FC1-BC9C-2B0CFAD3AE49}.Debug|ARM.Build.0 = Debug|ARM
		{3C8EB11C-AF34-4FC1-BC9C-2B0CFAD3AE49}.Debug|ARM.Deploy.0 = Debug|ARM
		{3C8EB11C-AF34-4FC1-BC9C-2B0CFAD3AE49}.Debug|x64.ActiveCfg = Debug|x64
		{3C8EB11C-AF34-4FC1-BC9C-2B0CFAD3AE49}.Debug|x64.Build.0 = Debug|x64
		{3C8EB11C-AF34-4FC1-BC9C-2B0CFAD3AE49}.Debug|x64.Deploy.0 = Debug|x64
		{3C8EB11C-AF34-4FC1-BC9C-2B0CFAD3AE49}.Debug|x86.ActiveCfg = Debug|ARM
		{3C8EB11C-AF34-4FC1-BC9C-2B0CFAD3AE49}.Debug|x86.Build.0 = Debug|ARM
		{3C8EB11C-AF34-4FC1-BC9C-2B0CFAD3AE49}.Debug|x86.Deploy.0 = Debug|ARM
		{3C8EB11C-AF34-4FC1-BC9C-2B0CFAD3AE49}.Release|ARM.ActiveCfg = Release|ARM
		{3C8EB11C-AF34-4FC1-BC9C-2B0CFAD3AE49}.Release|ARM.Build.0 = Release|ARM
		{3C8EB11C-AF34-4FC1-BC9C-2B0CFAD3AE49}.Release|ARM.Deploy.0 = Release|ARM
		{3C8EB11C-AF34-4FC1-BC9C-2B0CFAD3AE49}.Release|x64.ActiveCfg = Release|x64
		{3C8EB11C-AF34-4FC1-BC9C-2B0CFAD3AE49}.Release|x64.Build.0 = Release|x64
		{3C8EB11C-AF34-4FC1-BC9C-2B0CFAD3AE49}.Release|x64.Deploy.0 = Release|x64
		{3C8EB11C-AF34-4FC1-BC9C-2B0CFAD3AE49}.Release|x86.ActiveCfg = Release|x86
		{3C8EB11C-AF34-4FC1-BC9C-2B0CFAD3AE49}.Release|x86.Build.0 = Release|x86
		{3C8EB11C-AF34-4FC1-BC9C-2B0CFAD3AE49}.Release|x86.Deploy.0 = Release|x86
	EndGlobalSection
	GlobalSection(SolutionProperties) = preSolution
		HideSolutionNode = FALSE
	EndGlobalSection
	GlobalSection(ExtensibilityGlobals) = postSolution
		SolutionGuid = {8CF99B35-6070-4D8B-9CA0-F566CB676F14}
	EndGlobalSection
EndGlobal
